
Microsoft Visual Studio Solution File, Format Version 12.00
# Visual Studio Version 17
VisualStudioVersion = 17.1.32407.343
MinimumVisualStudioVersion = 10.0.40219.1
Project("{FAE04EC0-301F-11D3-BF4B-00C04F79EFBC}") = "KanyeAndRon", "KanyeAndRon\KanyeAndRon.csproj", "{FEA248DB-710B-4335-B70C-C746E0F7B422}"
EndProject
Global
	GlobalSection(SolutionConfigurationPlatforms) = preSolution
		Debug|Any CPU = Debug|Any CPU
		Release|Any CPU = Release|Any CPU
	EndGlobalSection
	GlobalSection(ProjectConfigurationPlatforms) = postSolution
		{FEA248DB-710B-4335-B70C-C746E0F7B422}.Debug|Any CPU.ActiveCfg = Debug|Any CPU
		{FEA248DB-710B-4335-B70C-C746E0F7B422}.Debug|Any CPU.Build.0 = Debug|Any CPU
		{FEA248DB-710B-4335-B70C-C746E0F7B422}.Release|Any CPU.ActiveCfg = Release|Any CPU
		{FEA248DB-710B-4335-B70C-C746E0F7B422}.Release|Any CPU.Build.0 = Release|Any CPU
	EndGlobalSection
	GlobalSection(SolutionProperties) = preSolution
		HideSolutionNode = FALSE
	EndGlobalSection
	GlobalSection(ExtensibilityGlobals) = postSolution
		SolutionGuid = {11D9E79D-4FD1-4587-BC22-1809ECC93069}
	EndGlobalSection
EndGlobal
